// !$*UTF8*$!
{
	archiveVersion = 1;
	classes = {
	};
	objectVersion = 52;
	objects = {

/* Begin PBXBuildFile section */
		493995A625CBFC780026B514 /* MoviesApp.swift in Sources */ = {isa = PBXBuildFile; fileRef = 493995A525CBFC780026B514 /* MoviesApp.swift */; };
		493995A825CBFC780026B514 /* ContentView.swift in Sources */ = {isa = PBXBuildFile; fileRef = 493995A725CBFC780026B514 /* ContentView.swift */; };
		493995AA25CBFC790026B514 /* Assets.xcassets in Resources */ = {isa = PBXBuildFile; fileRef = 493995A925CBFC790026B514 /* Assets.xcassets */; };
		493995AD25CBFC790026B514 /* Preview Assets.xcassets in Resources */ = {isa = PBXBuildFile; fileRef = 493995AC25CBFC790026B514 /* Preview Assets.xcassets */; };
		493995B625CC01F30026B514 /* LoginView.swift in Sources */ = {isa = PBXBuildFile; fileRef = 493995B525CC01F30026B514 /* LoginView.swift */; };
		493995BC25CC0F610026B514 /* Courgette-Regular.ttf in Resources */ = {isa = PBXBuildFile; fileRef = 493995BB25CC0F610026B514 /* Courgette-Regular.ttf */; };
		493995C025CC12940026B514 /* MoviesView.swift in Sources */ = {isa = PBXBuildFile; fileRef = 493995BF25CC12940026B514 /* MoviesView.swift */; };
		493995C425CC15C00026B514 /* MovieCard.swift in Sources */ = {isa = PBXBuildFile; fileRef = 493995C325CC15C00026B514 /* MovieCard.swift */; };
		493995C825CC18830026B514 /* MovieDetailView.swift in Sources */ = {isa = PBXBuildFile; fileRef = 493995C725CC18830026B514 /* MovieDetailView.swift */; };
		493995CC25CC264A0026B514 /* NetworkService.swift in Sources */ = {isa = PBXBuildFile; fileRef = 493995CB25CC264A0026B514 /* NetworkService.swift */; };
		493995D025CC267B0026B514 /* Movie.swift in Sources */ = {isa = PBXBuildFile; fileRef = 493995CF25CC267B0026B514 /* Movie.swift */; };
		493995D425CC269A0026B514 /* MoviePreview.swift in Sources */ = {isa = PBXBuildFile; fileRef = 493995D325CC269A0026B514 /* MoviePreview.swift */; };
		493995DC25CC29BA0026B514 /* PopularMoviesResult.swift in Sources */ = {isa = PBXBuildFile; fileRef = 493995DB25CC29BA0026B514 /* PopularMoviesResult.swift */; };
		493995ED25CC3E3C0026B514 /* URLImage in Frameworks */ = {isa = PBXBuildFile; productRef = 493995EC25CC3E3C0026B514 /* URLImage */; };
		498BCB4F25CC529900B62725 /* MovieDetailHeader.swift in Sources */ = {isa = PBXBuildFile; fileRef = 498BCB4E25CC529900B62725 /* MovieDetailHeader.swift */; };
		498BCB5225CC5E2100B62725 /* AboutMovieView.swift in Sources */ = {isa = PBXBuildFile; fileRef = 498BCB5125CC5E2100B62725 /* AboutMovieView.swift */; };
		498BCB5525CC64D800B62725 /* DescriptionView.swift in Sources */ = {isa = PBXBuildFile; fileRef = 498BCB5425CC64D800B62725 /* DescriptionView.swift */; };
		498BCB5B25CC6EC000B62725 /* ReadMoreText.swift in Sources */ = {isa = PBXBuildFile; fileRef = 498BCB5A25CC6EC000B62725 /* ReadMoreText.swift */; };
		498BCB6025CC7C1000B62725 /* MovieService.swift in Sources */ = {isa = PBXBuildFile; fileRef = 498BCB5F25CC7C1000B62725 /* MovieService.swift */; };
		498BCB6625CC7D5300B62725 /* MoviesViewModel.swift in Sources */ = {isa = PBXBuildFile; fileRef = 498BCB6525CC7D5300B62725 /* MoviesViewModel.swift */; };
		498BCB6D25CC970700B62725 /* MovieDetailViewModel.swift in Sources */ = {isa = PBXBuildFile; fileRef = 498BCB6C25CC970700B62725 /* MovieDetailViewModel.swift */; };
		498BCB7125CCA54600B62725 /* ViewAssembly.swift in Sources */ = {isa = PBXBuildFile; fileRef = 498BCB7025CCA54600B62725 /* ViewAssembly.swift */; };
/* End PBXBuildFile section */

/* Begin PBXFileReference section */
		493995A225CBFC780026B514 /* Movies.app */ = {isa = PBXFileReference; explicitFileType = wrapper.application; includeInIndex = 0; path = Movies.app; sourceTree = BUILT_PRODUCTS_DIR; };
		493995A525CBFC780026B514 /* MoviesApp.swift */ = {isa = PBXFileReference; lastKnownFileType = sourcecode.swift; path = MoviesApp.swift; sourceTree = "<group>"; };
		493995A725CBFC780026B514 /* ContentView.swift */ = {isa = PBXFileReference; lastKnownFileType = sourcecode.swift; path = ContentView.swift; sourceTree = "<group>"; };
		493995A925CBFC790026B514 /* Assets.xcassets */ = {isa = PBXFileReference; lastKnownFileType = folder.assetcatalog; path = Assets.xcassets; sourceTree = "<group>"; };
		493995AC25CBFC790026B514 /* Preview Assets.xcassets */ = {isa = PBXFileReference; lastKnownFileType = folder.assetcatalog; path = "Preview Assets.xcassets"; sourceTree = "<group>"; };
		493995AE25CBFC790026B514 /* Info.plist */ = {isa = PBXFileReference; lastKnownFileType = text.plist.xml; path = Info.plist; sourceTree = "<group>"; };
		493995B525CC01F30026B514 /* LoginView.swift */ = {isa = PBXFileReference; lastKnownFileType = sourcecode.swift; path = LoginView.swift; sourceTree = "<group>"; };
		493995BB25CC0F610026B514 /* Courgette-Regular.ttf */ = {isa = PBXFileReference; lastKnownFileType = file; path = "Courgette-Regular.ttf"; sourceTree = "<group>"; };
		493995BF25CC12940026B514 /* MoviesView.swift */ = {isa = PBXFileReference; lastKnownFileType = sourcecode.swift; path = MoviesView.swift; sourceTree = "<group>"; };
		493995C325CC15C00026B514 /* MovieCard.swift */ = {isa = PBXFileReference; lastKnownFileType = sourcecode.swift; path = MovieCard.swift; sourceTree = "<group>"; };
		493995C725CC18830026B514 /* MovieDetailView.swift */ = {isa = PBXFileReference; lastKnownFileType = sourcecode.swift; path = MovieDetailView.swift; sourceTree = "<group>"; };
		493995CB25CC264A0026B514 /* NetworkService.swift */ = {isa = PBXFileReference; lastKnownFileType = sourcecode.swift; path = NetworkService.swift; sourceTree = "<group>"; };
		493995CF25CC267B0026B514 /* Movie.swift */ = {isa = PBXFileReference; lastKnownFileType = sourcecode.swift; path = Movie.swift; sourceTree = "<group>"; };
		493995D325CC269A0026B514 /* MoviePreview.swift */ = {isa = PBXFileReference; lastKnownFileType = sourcecode.swift; path = MoviePreview.swift; sourceTree = "<group>"; };
		493995DB25CC29BA0026B514 /* PopularMoviesResult.swift */ = {isa = PBXFileReference; lastKnownFileType = sourcecode.swift; path = PopularMoviesResult.swift; sourceTree = "<group>"; };
		498BCB4E25CC529900B62725 /* MovieDetailHeader.swift */ = {isa = PBXFileReference; lastKnownFileType = sourcecode.swift; path = MovieDetailHeader.swift; sourceTree = "<group>"; };
		498BCB5125CC5E2100B62725 /* AboutMovieView.swift */ = {isa = PBXFileReference; lastKnownFileType = sourcecode.swift; path = AboutMovieView.swift; sourceTree = "<group>"; };
		498BCB5425CC64D800B62725 /* DescriptionView.swift */ = {isa = PBXFileReference; lastKnownFileType = sourcecode.swift; path = DescriptionView.swift; sourceTree = "<group>"; };
		498BCB5A25CC6EC000B62725 /* ReadMoreText.swift */ = {isa = PBXFileReference; lastKnownFileType = sourcecode.swift; path = ReadMoreText.swift; sourceTree = "<group>"; };
		498BCB5F25CC7C1000B62725 /* MovieService.swift */ = {isa = PBXFileReference; lastKnownFileType = sourcecode.swift; path = MovieService.swift; sourceTree = "<group>"; };
		498BCB6525CC7D5300B62725 /* MoviesViewModel.swift */ = {isa = PBXFileReference; lastKnownFileType = sourcecode.swift; path = MoviesViewModel.swift; sourceTree = "<group>"; };
		498BCB6C25CC970700B62725 /* MovieDetailViewModel.swift */ = {isa = PBXFileReference; lastKnownFileType = sourcecode.swift; path = MovieDetailViewModel.swift; sourceTree = "<group>"; };
		498BCB7025CCA54600B62725 /* ViewAssembly.swift */ = {isa = PBXFileReference; lastKnownFileType = sourcecode.swift; path = ViewAssembly.swift; sourceTree = "<group>"; };
/* End PBXFileReference section */

/* Begin PBXFrameworksBuildPhase section */
		4939959F25CBFC780026B514 /* Frameworks */ = {
			isa = PBXFrameworksBuildPhase;
			buildActionMask = 2147483647;
			files = (
				493995ED25CC3E3C0026B514 /* URLImage in Frameworks */,
			);
			runOnlyForDeploymentPostprocessing = 0;
		};
/* End PBXFrameworksBuildPhase section */

/* Begin PBXGroup section */
		4939959925CBFC780026B514 = {
			isa = PBXGroup;
			children = (
				493995A425CBFC780026B514 /* Movies */,
				493995A325CBFC780026B514 /* Products */,
			);
			sourceTree = "<group>";
		};
		493995A325CBFC780026B514 /* Products */ = {
			isa = PBXGroup;
			children = (
				493995A225CBFC780026B514 /* Movies.app */,
			);
			name = Products;
			sourceTree = "<group>";
		};
		493995A425CBFC780026B514 /* Movies */ = {
			isa = PBXGroup;
			children = (
				493995A525CBFC780026B514 /* MoviesApp.swift */,
				493995A725CBFC780026B514 /* ContentView.swift */,
				493995D625CC29490026B514 /* Service */,
				493995CE25CC264E0026B514 /* Model */,
				493995EF25CC3E740026B514 /* Login */,
				493995F025CC3E840026B514 /* PopularMovies */,
				493995F125CC3E9C0026B514 /* MovieDetails */,
				493995A925CBFC790026B514 /* Assets.xcassets */,
				493995AE25CBFC790026B514 /* Info.plist */,
				493995AB25CBFC790026B514 /* Preview Content */,
				493995B825CC0A000026B514 /* Fonts */,
			);
			path = Movies;
			sourceTree = "<group>";
		};
		493995AB25CBFC790026B514 /* Preview Content */ = {
			isa = PBXGroup;
			children = (
				493995AC25CBFC790026B514 /* Preview Assets.xcassets */,
			);
			path = "Preview Content";
			sourceTree = "<group>";
		};
		493995B825CC0A000026B514 /* Fonts */ = {
			isa = PBXGroup;
			children = (
				493995BB25CC0F610026B514 /* Courgette-Regular.ttf */,
			);
			path = Fonts;
			sourceTree = "<group>";
		};
		493995CE25CC264E0026B514 /* Model */ = {
			isa = PBXGroup;
			children = (
				493995CF25CC267B0026B514 /* Movie.swift */,
				493995D325CC269A0026B514 /* MoviePreview.swift */,
			);
			path = Model;
			sourceTree = "<group>";
		};
		493995D625CC29490026B514 /* Service */ = {
			isa = PBXGroup;
			children = (
				498BCB5F25CC7C1000B62725 /* MovieService.swift */,
				493995CB25CC264A0026B514 /* NetworkService.swift */,
				493995DB25CC29BA0026B514 /* PopularMoviesResult.swift */,
				498BCB7025CCA54600B62725 /* ViewAssembly.swift */,
			);
			path = Service;
			sourceTree = "<group>";
		};
		493995EF25CC3E740026B514 /* Login */ = {
			isa = PBXGroup;
			children = (
				493995B525CC01F30026B514 /* LoginView.swift */,
			);
			path = Login;
			sourceTree = "<group>";
		};
		493995F025CC3E840026B514 /* PopularMovies */ = {
			isa = PBXGroup;
			children = (
				498BCB6425CC7D3000B62725 /* ViewModel */,
				498BCB6225CC7D2900B62725 /* View */,
			);
			path = PopularMovies;
			sourceTree = "<group>";
		};
		493995F125CC3E9C0026B514 /* MovieDetails */ = {
			isa = PBXGroup;
			children = (
				498BCB6B25CC96EA00B62725 /* ModelView */,
				493995C725CC18830026B514 /* MovieDetailView.swift */,
				498BCB4E25CC529900B62725 /* MovieDetailHeader.swift */,
				498BCB5125CC5E2100B62725 /* AboutMovieView.swift */,
				498BCB5425CC64D800B62725 /* DescriptionView.swift */,
				498BCB5A25CC6EC000B62725 /* ReadMoreText.swift */,
			);
			path = MovieDetails;
			sourceTree = "<group>";
		};
		498BCB6225CC7D2900B62725 /* View */ = {
			isa = PBXGroup;
			children = (
				493995C325CC15C00026B514 /* MovieCard.swift */,
				493995BF25CC12940026B514 /* MoviesView.swift */,
			);
			path = View;
			sourceTree = "<group>";
		};
		498BCB6425CC7D3000B62725 /* ViewModel */ = {
			isa = PBXGroup;
			children = (
				498BCB6525CC7D5300B62725 /* MoviesViewModel.swift */,
			);
			path = ViewModel;
			sourceTree = "<group>";
		};
		498BCB6B25CC96EA00B62725 /* ModelView */ = {
			isa = PBXGroup;
			children = (
				498BCB6C25CC970700B62725 /* MovieDetailViewModel.swift */,
			);
			path = ModelView;
			sourceTree = "<group>";
		};
/* End PBXGroup section */

/* Begin PBXNativeTarget section */
		493995A125CBFC780026B514 /* Movies */ = {
			isa = PBXNativeTarget;
			buildConfigurationList = 493995B125CBFC790026B514 /* Build configuration list for PBXNativeTarget "Movies" */;
			buildPhases = (
				4939959E25CBFC780026B514 /* Sources */,
				4939959F25CBFC780026B514 /* Frameworks */,
				493995A025CBFC780026B514 /* Resources */,
			);
			buildRules = (
			);
			dependencies = (
			);
			name = Movies;
			packageProductDependencies = (
				493995EC25CC3E3C0026B514 /* URLImage */,
			);
			productName = Movies;
			productReference = 493995A225CBFC780026B514 /* Movies.app */;
			productType = "com.apple.product-type.application";
		};
/* End PBXNativeTarget section */

/* Begin PBXProject section */
		4939959A25CBFC780026B514 /* Project object */ = {
			isa = PBXProject;
			attributes = {
				LastSwiftUpdateCheck = 1240;
				LastUpgradeCheck = 1240;
				TargetAttributes = {
					493995A125CBFC780026B514 = {
						CreatedOnToolsVersion = 12.4;
					};
				};
			};
			buildConfigurationList = 4939959D25CBFC780026B514 /* Build configuration list for PBXProject "Movies" */;
			compatibilityVersion = "Xcode 9.3";
			developmentRegion = en;
			hasScannedForEncodings = 0;
			knownRegions = (
				en,
				Base,
			);
			mainGroup = 4939959925CBFC780026B514;
			packageReferences = (
				493995EB25CC3E3C0026B514 /* XCRemoteSwiftPackageReference "url-image" */,
			);
			productRefGroup = 493995A325CBFC780026B514 /* Products */;
			projectDirPath = "";
			projectRoot = "";
			targets = (
				493995A125CBFC780026B514 /* Movies */,
			);
		};
/* End PBXProject section */

/* Begin PBXResourcesBuildPhase section */
		493995A025CBFC780026B514 /* Resources */ = {
			isa = PBXResourcesBuildPhase;
			buildActionMask = 2147483647;
			files = (
				493995BC25CC0F610026B514 /* Courgette-Regular.ttf in Resources */,
				493995AD25CBFC790026B514 /* Preview Assets.xcassets in Resources */,
				493995AA25CBFC790026B514 /* Assets.xcassets in Resources */,
			);
			runOnlyForDeploymentPostprocessing = 0;
		};
/* End PBXResourcesBuildPhase section */

/* Begin PBXSourcesBuildPhase section */
		4939959E25CBFC780026B514 /* Sources */ = {
			isa = PBXSourcesBuildPhase;
			buildActionMask = 2147483647;
			files = (
				493995DC25CC29BA0026B514 /* PopularMoviesResult.swift in Sources */,
				498BCB5B25CC6EC000B62725 /* ReadMoreText.swift in Sources */,
				498BCB7125CCA54600B62725 /* ViewAssembly.swift in Sources */,
				498BCB4F25CC529900B62725 /* MovieDetailHeader.swift in Sources */,
				498BCB5525CC64D800B62725 /* DescriptionView.swift in Sources */,
				493995C825CC18830026B514 /* MovieDetailView.swift in Sources */,
				493995C425CC15C00026B514 /* MovieCard.swift in Sources */,
				493995B625CC01F30026B514 /* LoginView.swift in Sources */,
				498BCB5225CC5E2100B62725 /* AboutMovieView.swift in Sources */,
				493995C025CC12940026B514 /* MoviesView.swift in Sources */,
				498BCB6025CC7C1000B62725 /* MovieService.swift in Sources */,
				493995A825CBFC780026B514 /* ContentView.swift in Sources */,
				493995A625CBFC780026B514 /* MoviesApp.swift in Sources */,
				493995D025CC267B0026B514 /* Movie.swift in Sources */,
				493995CC25CC264A0026B514 /* NetworkService.swift in Sources */,
				493995D425CC269A0026B514 /* MoviePreview.swift in Sources */,
				498BCB6D25CC970700B62725 /* MovieDetailViewModel.swift in Sources */,
				498BCB6625CC7D5300B62725 /* MoviesViewModel.swift in Sources */,
			);
			runOnlyForDeploymentPostprocessing = 0;
		};
/* End PBXSourcesBuildPhase section */

/* Begin XCBuildConfiguration section */
		493995AF25CBFC790026B514 /* Debug */ = {
			isa = XCBuildConfiguration;
			buildSettings = {
				ALWAYS_SEARCH_USER_PATHS = NO;
				CLANG_ANALYZER_NONNULL = YES;
				CLANG_ANALYZER_NUMBER_OBJECT_CONVERSION = YES_AGGRESSIVE;
				CLANG_CXX_LANGUAGE_STANDARD = "gnu++14";
				CLANG_CXX_LIBRARY = "libc++";
				CLANG_ENABLE_MODULES = YES;
				CLANG_ENABLE_OBJC_ARC = YES;
				CLANG_ENABLE_OBJC_WEAK = YES;
				CLANG_WARN_BLOCK_CAPTURE_AUTORELEASING = YES;
				CLANG_WARN_BOOL_CONVERSION = YES;
				CLANG_WARN_COMMA = YES;
				CLANG_WARN_CONSTANT_CONVERSION = YES;
				CLANG_WARN_DEPRECATED_OBJC_IMPLEMENTATIONS = YES;
				CLANG_WARN_DIRECT_OBJC_ISA_USAGE = YES_ERROR;
				CLANG_WARN_DOCUMENTATION_COMMENTS = YES;
				CLANG_WARN_EMPTY_BODY = YES;
				CLANG_WARN_ENUM_CONVERSION = YES;
				CLANG_WARN_INFINITE_RECURSION = YES;
				CLANG_WARN_INT_CONVERSION = YES;
				CLANG_WARN_NON_LITERAL_NULL_CONVERSION = YES;
				CLANG_WARN_OBJC_IMPLICIT_RETAIN_SELF = YES;
				CLANG_WARN_OBJC_LITERAL_CONVERSION = YES;
				CLANG_WARN_OBJC_ROOT_CLASS = YES_ERROR;
				CLANG_WARN_QUOTED_INCLUDE_IN_FRAMEWORK_HEADER = YES;
				CLANG_WARN_RANGE_LOOP_ANALYSIS = YES;
				CLANG_WARN_STRICT_PROTOTYPES = YES;
				CLANG_WARN_SUSPICIOUS_MOVE = YES;
				CLANG_WARN_UNGUARDED_AVAILABILITY = YES_AGGRESSIVE;
				CLANG_WARN_UNREACHABLE_CODE = YES;
				CLANG_WARN__DUPLICATE_METHOD_MATCH = YES;
				COPY_PHASE_STRIP = NO;
				DEBUG_INFORMATION_FORMAT = dwarf;
				ENABLE_STRICT_OBJC_MSGSEND = YES;
				ENABLE_TESTABILITY = YES;
				GCC_C_LANGUAGE_STANDARD = gnu11;
				GCC_DYNAMIC_NO_PIC = NO;
				GCC_NO_COMMON_BLOCKS = YES;
				GCC_OPTIMIZATION_LEVEL = 0;
				GCC_PREPROCESSOR_DEFINITIONS = (
					"DEBUG=1",
					"$(inherited)",
				);
				GCC_WARN_64_TO_32_BIT_CONVERSION = YES;
				GCC_WARN_ABOUT_RETURN_TYPE = YES_ERROR;
				GCC_WARN_UNDECLARED_SELECTOR = YES;
				GCC_WARN_UNINITIALIZED_AUTOS = YES_AGGRESSIVE;
				GCC_WARN_UNUSED_FUNCTION = YES;
				GCC_WARN_UNUSED_VARIABLE = YES;
				IPHONEOS_DEPLOYMENT_TARGET = 14.4;
				MTL_ENABLE_DEBUG_INFO = INCLUDE_SOURCE;
				MTL_FAST_MATH = YES;
				ONLY_ACTIVE_ARCH = YES;
				SDKROOT = iphoneos;
				SWIFT_ACTIVE_COMPILATION_CONDITIONS = DEBUG;
				SWIFT_OPTIMIZATION_LEVEL = "-Onone";
			};
			name = Debug;
		};
		493995B025CBFC790026B514 /* Release */ = {
			isa = XCBuildConfiguration;
			buildSettings = {
				ALWAYS_SEARCH_USER_PATHS = NO;
				CLANG_ANALYZER_NONNULL = YES;
				CLANG_ANALYZER_NUMBER_OBJECT_CONVERSION = YES_AGGRESSIVE;
				CLANG_CXX_LANGUAGE_STANDARD = "gnu++14";
				CLANG_CXX_LIBRARY = "libc++";
				CLANG_ENABLE_MODULES = YES;
				CLANG_ENABLE_OBJC_ARC = YES;
				CLANG_ENABLE_OBJC_WEAK = YES;
				CLANG_WARN_BLOCK_CAPTURE_AUTORELEASING = YES;
				CLANG_WARN_BOOL_CONVERSION = YES;
				CLANG_WARN_COMMA = YES;
				CLANG_WARN_CONSTANT_CONVERSION = YES;
				CLANG_WARN_DEPRECATED_OBJC_IMPLEMENTATIONS = YES;
				CLANG_WARN_DIRECT_OBJC_ISA_USAGE = YES_ERROR;
				CLANG_WARN_DOCUMENTATION_COMMENTS = YES;
				CLANG_WARN_EMPTY_BODY = YES;
				CLANG_WARN_ENUM_CONVERSION = YES;
				CLANG_WARN_INFINITE_RECURSION = YES;
				CLANG_WARN_INT_CONVERSION = YES;
				CLANG_WARN_NON_LITERAL_NULL_CONVERSION = YES;
				CLANG_WARN_OBJC_IMPLICIT_RETAIN_SELF = YES;
				CLANG_WARN_OBJC_LITERAL_CONVERSION = YES;
				CLANG_WARN_OBJC_ROOT_CLASS = YES_ERROR;
				CLANG_WARN_QUOTED_INCLUDE_IN_FRAMEWORK_HEADER = YES;
				CLANG_WARN_RANGE_LOOP_ANALYSIS = YES;
				CLANG_WARN_STRICT_PROTOTYPES = YES;
				CLANG_WARN_SUSPICIOUS_MOVE = YES;
				CLANG_WARN_UNGUARDED_AVAILABILITY = YES_AGGRESSIVE;
				CLANG_WARN_UNREACHABLE_CODE = YES;
				CLANG_WARN__DUPLICATE_METHOD_MATCH = YES;
				COPY_PHASE_STRIP = NO;
				DEBUG_INFORMATION_FORMAT = "dwarf-with-dsym";
				ENABLE_NS_ASSERTIONS = NO;
				ENABLE_STRICT_OBJC_MSGSEND = YES;
				GCC_C_LANGUAGE_STANDARD = gnu11;
				GCC_NO_COMMON_BLOCKS = YES;
				GCC_WARN_64_TO_32_BIT_CONVERSION = YES;
				GCC_WARN_ABOUT_RETURN_TYPE = YES_ERROR;
				GCC_WARN_UNDECLARED_SELECTOR = YES;
				GCC_WARN_UNINITIALIZED_AUTOS = YES_AGGRESSIVE;
				GCC_WARN_UNUSED_FUNCTION = YES;
				GCC_WARN_UNUSED_VARIABLE = YES;
				IPHONEOS_DEPLOYMENT_TARGET = 14.4;
				MTL_ENABLE_DEBUG_INFO = NO;
				MTL_FAST_MATH = YES;
				SDKROOT = iphoneos;
				SWIFT_COMPILATION_MODE = wholemodule;
				SWIFT_OPTIMIZATION_LEVEL = "-O";
				VALIDATE_PRODUCT = YES;
			};
			name = Release;
		};
		493995B225CBFC790026B514 /* Debug */ = {
			isa = XCBuildConfiguration;
			buildSettings = {
				ASSETCATALOG_COMPILER_APPICON_NAME = AppIcon;
				ASSETCATALOG_COMPILER_GLOBAL_ACCENT_COLOR_NAME = AccentColor;
				CODE_SIGN_STYLE = Automatic;
				DEVELOPMENT_ASSET_PATHS = "\"Movies/Preview Content\"";
				DEVELOPMENT_TEAM = RSA6B5TSXV;
				ENABLE_PREVIEWS = YES;
				INFOPLIST_FILE = Movies/Info.plist;
				IPHONEOS_DEPLOYMENT_TARGET = 14.0;
				LD_RUNPATH_SEARCH_PATHS = (
					"$(inherited)",
					"@executable_path/Frameworks",
				);
				PRODUCT_BUNDLE_IDENTIFIER = sirosh.ilya.Movies;
				PRODUCT_NAME = "$(TARGET_NAME)";
				SWIFT_VERSION = 5.0;
				TARGETED_DEVICE_FAMILY = "1,2";
			};
			name = Debug;
		};
		493995B325CBFC790026B514 /* Release */ = {
			isa = XCBuildConfiguration;
			buildSettings = {
				ASSETCATALOG_COMPILER_APPICON_NAME = AppIcon;
				ASSETCATALOG_COMPILER_GLOBAL_ACCENT_COLOR_NAME = AccentColor;
				CODE_SIGN_STYLE = Automatic;
				DEVELOPMENT_ASSET_PATHS = "\"Movies/Preview Content\"";
				DEVELOPMENT_TEAM = RSA6B5TSXV;
				ENABLE_PREVIEWS = YES;
				INFOPLIST_FILE = Movies/Info.plist;
				IPHONEOS_DEPLOYMENT_TARGET = 14.0;
				LD_RUNPATH_SEARCH_PATHS = (
					"$(inherited)",
					"@executable_path/Frameworks",
				);
				PRODUCT_BUNDLE_IDENTIFIER = sirosh.ilya.Movies;
				PRODUCT_NAME = "$(TARGET_NAME)";
				SWIFT_VERSION = 5.0;
				TARGETED_DEVICE_FAMILY = "1,2";
			};
			name = Release;
		};
/* End XCBuildConfiguration section */

/* Begin XCConfigurationList section */
		4939959D25CBFC780026B514 /* Build configuration list for PBXProject "Movies" */ = {
			isa = XCConfigurationList;
			buildConfigurations = (
				493995AF25CBFC790026B514 /* Debug */,
				493995B025CBFC790026B514 /* Release */,
			);
			defaultConfigurationIsVisible = 0;
			defaultConfigurationName = Release;
		};
		493995B125CBFC790026B514 /* Build configuration list for PBXNativeTarget "Movies" */ = {
			isa = XCConfigurationList;
			buildConfigurations = (
				493995B225CBFC790026B514 /* Debug */,
				493995B325CBFC790026B514 /* Release */,
			);
			defaultConfigurationIsVisible = 0;
			defaultConfigurationName = Release;
		};
/* End XCConfigurationList section */

/* Begin XCRemoteSwiftPackageReference section */
		493995EB25CC3E3C0026B514 /* XCRemoteSwiftPackageReference "url-image" */ = {
			isa = XCRemoteSwiftPackageReference;
			repositoryURL = "https://github.com/dmytro-anokhin/url-image.git";
			requirement = {
				kind = upToNextMajorVersion;
				minimumVersion = 2.2.3;
			};
		};
/* End XCRemoteSwiftPackageReference section */

/* Begin XCSwiftPackageProductDependency section */
		493995EC25CC3E3C0026B514 /* URLImage */ = {
			isa = XCSwiftPackageProductDependency;
			package = 493995EB25CC3E3C0026B514 /* XCRemoteSwiftPackageReference "url-image" */;
			productName = URLImage;
		};
/* End XCSwiftPackageProductDependency section */
	};
	rootObject = 4939959A25CBFC780026B514 /* Project object */;
}
